
Microsoft Visual Studio Solution File, Format Version 12.00
# Visual Studio Version 16
VisualStudioVersion = 16.0.31105.61
MinimumVisualStudioVersion = 10.0.40219.1
Project("{FAE04EC0-301F-11D3-BF4B-00C04F79EFBC}") = "TiendaKenxv", "TiendaKenxv\TiendaKenxv.csproj", "{09BE96EF-AAE2-47D9-BD37-A214305AF522}"
EndProject
Global
	GlobalSection(SolutionConfigurationPlatforms) = preSolution
		Debug|Any CPU = Debug|Any CPU
		Release|Any CPU = Release|Any CPU
	EndGlobalSection
	GlobalSection(ProjectConfigurationPlatforms) = postSolution
		{09BE96EF-AAE2-47D9-BD37-A214305AF522}.Debug|Any CPU.ActiveCfg = Debug|Any CPU
		{09BE96EF-AAE2-47D9-BD37-A214305AF522}.Debug|Any CPU.Build.0 = Debug|Any CPU
		{09BE96EF-AAE2-47D9-BD37-A214305AF522}.Release|Any CPU.ActiveCfg = Release|Any CPU
		{09BE96EF-AAE2-47D9-BD37-A214305AF522}.Release|Any CPU.Build.0 = Release|Any CPU
	EndGlobalSection
	GlobalSection(SolutionProperties) = preSolution
		HideSolutionNode = FALSE
	EndGlobalSection
	GlobalSection(ExtensibilityGlobals) = postSolution
		SolutionGuid = {49ABF89D-C44D-40ED-A7BE-B070E1661CFA}
	EndGlobalSection
EndGlobal
